
Microsoft Visual Studio Solution File, Format Version 12.00
# Visual Studio Version 17
VisualStudioVersion = 17.10.34818.151
MinimumVisualStudioVersion = 10.0.40219.1
Project("{9A19103F-16F7-4668-BE54-9A1E7A4F7556}") = "TSClient", "TSClient\TSClient.csproj", "{F3485858-02CD-4090-A9E8-A6416CF9D340}"
	ProjectSection(ProjectDependencies) = postProject
		{607B57BF-BE71-4623-8EEB-D4BF09D0EA79} = {607B57BF-BE71-4623-8EEB-D4BF09D0EA79}
		{F09D55A6-41AE-4816-87BE-53A82DE81B63} = {F09D55A6-41AE-4816-87BE-53A82DE81B63}
	EndProjectSection
EndProject
Project("{9A19103F-16F7-4668-BE54-9A1E7A4F7556}") = "0_TSUtil", "..\TSServer_CSharp\TSUtil\0_TSUtil.csproj", "{607B57BF-BE71-4623-8EEB-D4BF09D0EA79}"
EndProject
Project("{9A19103F-16F7-4668-BE54-9A1E7A4F7556}") = "1_TSNet", "..\TSServer_CSharp\TSNet\1_TSNet.csproj", "{F09D55A6-41AE-4816-87BE-53A82DE81B63}"
	ProjectSection(ProjectDependencies) = postProject
		{607B57BF-BE71-4623-8EEB-D4BF09D0EA79} = {607B57BF-BE71-4623-8EEB-D4BF09D0EA79}
	EndProjectSection
EndProject
Global
	GlobalSection(SolutionConfigurationPlatforms) = preSolution
		Debug|Any CPU = Debug|Any CPU
		Debug|x64 = Debug|x64
		Release|Any CPU = Release|Any CPU
		Release|x64 = Release|x64
	EndGlobalSection
	GlobalSection(ProjectConfigurationPlatforms) = postSolution
		{F3485858-02CD-4090-A9E8-A6416CF9D340}.Debug|Any CPU.ActiveCfg = Debug|Any CPU
		{F3485858-02CD-4090-A9E8-A6416CF9D340}.Debug|Any CPU.Build.0 = Debug|Any CPU
		{F3485858-02CD-4090-A9E8-A6416CF9D340}.Debug|x64.ActiveCfg = Debug|Any CPU
		{F3485858-02CD-4090-A9E8-A6416CF9D340}.Debug|x64.Build.0 = Debug|Any CPU
		{F3485858-02CD-4090-A9E8-A6416CF9D340}.Release|Any CPU.ActiveCfg = Release|Any CPU
		{F3485858-02CD-4090-A9E8-A6416CF9D340}.Release|Any CPU.Build.0 = Release|Any CPU
		{F3485858-02CD-4090-A9E8-A6416CF9D340}.Release|x64.ActiveCfg = Release|Any CPU
		{F3485858-02CD-4090-A9E8-A6416CF9D340}.Release|x64.Build.0 = Release|Any CPU
		{607B57BF-BE71-4623-8EEB-D4BF09D0EA79}.Debug|Any CPU.ActiveCfg = Debug|Any CPU
		{607B57BF-BE71-4623-8EEB-D4BF09D0EA79}.Debug|Any CPU.Build.0 = Debug|Any CPU
		{607B57BF-BE71-4623-8EEB-D4BF09D0EA79}.Debug|x64.ActiveCfg = Debug|Any CPU
		{607B57BF-BE71-4623-8EEB-D4BF09D0EA79}.Debug|x64.Build.0 = Debug|Any CPU
		{607B57BF-BE71-4623-8EEB-D4BF09D0EA79}.Release|Any CPU.ActiveCfg = Release|Any CPU
		{607B57BF-BE71-4623-8EEB-D4BF09D0EA79}.Release|Any CPU.Build.0 = Release|Any CPU
		{607B57BF-BE71-4623-8EEB-D4BF09D0EA79}.Release|x64.ActiveCfg = Release|Any CPU
		{607B57BF-BE71-4623-8EEB-D4BF09D0EA79}.Release|x64.Build.0 = Release|Any CPU
		{F09D55A6-41AE-4816-87BE-53A82DE81B63}.Debug|Any CPU.ActiveCfg = Debug|Any CPU
		{F09D55A6-41AE-4816-87BE-53A82DE81B63}.Debug|Any CPU.Build.0 = Debug|Any CPU
		{F09D55A6-41AE-4816-87BE-53A82DE81B63}.Debug|x64.ActiveCfg = Debug|x64
		{F09D55A6-41AE-4816-87BE-53A82DE81B63}.Debug|x64.Build.0 = Debug|x64
		{F09D55A6-41AE-4816-87BE-53A82DE81B63}.Release|Any CPU.ActiveCfg = Release|Any CPU
		{F09D55A6-41AE-4816-87BE-53A82DE81B63}.Release|Any CPU.Build.0 = Release|Any CPU
		{F09D55A6-41AE-4816-87BE-53A82DE81B63}.Release|x64.ActiveCfg = Release|x64
		{F09D55A6-41AE-4816-87BE-53A82DE81B63}.Release|x64.Build.0 = Release|x64
	EndGlobalSection
	GlobalSection(SolutionProperties) = preSolution
		HideSolutionNode = FALSE
	EndGlobalSection
	GlobalSection(ExtensibilityGlobals) = postSolution
		SolutionGuid = {83C1BAF6-D97B-494D-8AA4-B0C97260D8BB}
	EndGlobalSection
EndGlobal
